{
  "originHash" : "2c6d43b7873b2c600b29fdbaf6749e23d485172e0671334912589e550e4d589e",
  "pins" : [
    {
      "identity" : "lambdaspire-swift-abstractions",
      "kind" : "remoteSourceControl",
      "location" : "https://github.com/Lambdaspire/Lambdaspire-Swift-Abstractions",
      "state" : {
        "revision" : "b5d8bf41df8ea16866f6a5e9a015cca259b87fc9",
        "version" : "2.0.0"
      }
    },
    {
      "identity" : "lambdaspire-swift-dependencyresolution",
      "kind" : "remoteSourceControl",
      "location" : "https://github.com/Lambdaspire/Lambdaspire-Swift-DependencyResolution",
      "state" : {
        "revision" : "fa0b3f338ebd8ed6b3152d88c144978a8dead823",
        "version" : "2.0.0"
      }
    },
    {
      "identity" : "lambdaspire-swiftui-foundations",
      "kind" : "remoteSourceControl",
      "location" : "https://github.com/Lambdaspire/Lambdaspire-SwiftUI-Foundations",
      "state" : {
        "revision" : "9843d9abb4f0f590f9b09ecde77ec0c6d6660e65",
        "version" : "0.1.1"
      }
    },
    {
      "identity" : "swift-syntax",
      "kind" : "remoteSourceControl",
      "location" : "https://github.com/apple/swift-syntax.git",
      "state" : {
        "revision" : "64889f0c732f210a935a0ad7cda38f77f876262d",
        "version" : "509.1.1"
      }
    }
  ],
  "version" : 3
}
