{
  "originHash" : "2c6d43b7873b2c600b29fdbaf6749e23d485172e0671334912589e550e4d589e",
  "pins" : [
    {
      "identity" : "lambdaspire-swift-abstractions",
      "kind" : "remoteSourceControl",
      "location" : "https://github.com/Lambdaspire/Lambdaspire-Swift-Abstractions",
      "state" : {
        "branch" : "v2",
        "revision" : "b5d8bf41df8ea16866f6a5e9a015cca259b87fc9"
      }
    },
    {
      "identity" : "lambdaspire-swift-dependencyresolution",
      "kind" : "remoteSourceControl",
      "location" : "https://github.com/Lambdaspire/Lambdaspire-Swift-DependencyResolution",
      "state" : {
        "branch" : "wip-v2",
        "revision" : "2df2d1745fae2397fff9b0d7c9bfbb3488bb67e1"
      }
    },
    {
      "identity" : "lambdaspire-swiftui-foundations",
      "kind" : "remoteSourceControl",
      "location" : "https://github.com/Lambdaspire/Lambdaspire-SwiftUI-Foundations",
      "state" : {
        "branch" : "main",
        "revision" : "fed60e998e15796b9c12789981eac317eec84992"
      }
    },
    {
      "identity" : "swift-syntax",
      "kind" : "remoteSourceControl",
      "location" : "https://github.com/apple/swift-syntax.git",
      "state" : {
        "revision" : "64889f0c732f210a935a0ad7cda38f77f876262d",
        "version" : "509.1.1"
      }
    }
  ],
  "version" : 3
}
